{
  "originHash" : "82931d8f7b4d5974d83df88d580b599a0d95e4c66ca8a4cd617022efd595e8c3",
  "pins" : [
    {
      "identity" : "alamofire",
      "kind" : "remoteSourceControl",
      "location" : "https://github.com/Alamofire/Alamofire.git",
      "state" : {
        "revision" : "513364f870f6bfc468f9d2ff0a95caccc10044c5",
        "version" : "5.10.2"
      }
    },
    {
      "identity" : "alamofireeasylogger",
      "kind" : "remoteSourceControl",
      "location" : "https://github.com/jankaltoun/AlamofireEasyLogger",
      "state" : {
        "revision" : "40224e5206d8f6561561c2b8d1a217d0c500253d",
        "version" : "1.6.0"
      }
    },
    {
      "identity" : "sdwebimage",
      "kind" : "remoteSourceControl",
      "location" : "https://github.com/SDWebImage/SDWebImage.git",
      "state" : {
        "revision" : "cac9a55a3ae92478a2c95042dcc8d9695d2129ca",
        "version" : "5.21.0"
      }
    }
  ],
  "version" : 3
}
