// !$*UTF8*$!
{
	archiveVersion = 1;
	classes = {
	};
	objectVersion = 56;
	objects = {

/* Begin PBXBuildFile section */
		4A202F042DDA82C100C2249C /* Alamofire in Frameworks */ = {isa = PBXBuildFile; productRef = 4A202F032DDA82C100C2249C /* Alamofire */; };
		4A202F0E2DDA82D600C2249C /* AlamofireEasyLogger in Frameworks */ = {isa = PBXBuildFile; productRef = 4A202F0D2DDA82D600C2249C /* AlamofireEasyLogger */; };
		4A202F112DDA833100C2249C /* SDWebImage in Frameworks */ = {isa = PBXBuildFile; productRef = 4A202F102DDA833100C2249C /* SDWebImage */; };
		4A202F132DDA833100C2249C /* SDWebImageMapKit in Frameworks */ = {isa = PBXBuildFile; productRef = 4A202F122DDA833100C2249C /* SDWebImageMapKit */; };
		4A6D9AB12DDBE0CE00956727 /* MovieDetailsViewController.swift in Sources */ = {isa = PBXBuildFile; fileRef = 4A6D9AAF2DDBE0CE00956727 /* MovieDetailsViewController.swift */; };
		4A6D9AB22DDBE0CE00956727 /* MovieDetailsViewController.xib in Resources */ = {isa = PBXBuildFile; fileRef = 4A6D9AB02DDBE0CE00956727 /* MovieDetailsViewController.xib */; };
		4A6D9AB52DDBEA1A00956727 /* MovieDetailsViewModel.swift in Sources */ = {isa = PBXBuildFile; fileRef = 4A6D9AB42DDBEA1A00956727 /* MovieDetailsViewModel.swift */; };
		4A6D9AB82DDBEA2C00956727 /* MovieDetailsResponse.swift in Sources */ = {isa = PBXBuildFile; fileRef = 4A6D9AB72DDBEA2C00956727 /* MovieDetailsResponse.swift */; };
		4A6D9AE22DDD309100956727 /* CDAlertView.swift in Sources */ = {isa = PBXBuildFile; fileRef = 4A6D9ABF2DDD309100956727 /* CDAlertView.swift */; };
		4A6D9AE32DDD309100956727 /* ImageHelper.swift in Sources */ = {isa = PBXBuildFile; fileRef = 4A6D9AC12DDD309100956727 /* ImageHelper.swift */; };
		4A6D9AE42DDD309100956727 /* CDAlertViewType.swift in Sources */ = {isa = PBXBuildFile; fileRef = 4A6D9AC02DDD309100956727 /* CDAlertViewType.swift */; };
		4A6D9AE52DDD309100956727 /* CDAlertHeaderView.swift in Sources */ = {isa = PBXBuildFile; fileRef = 4A6D9ABE2DDD309100956727 /* CDAlertHeaderView.swift */; };
		4A6D9AE62DDD309100956727 /* LayoutConstraintsExtension.swift in Sources */ = {isa = PBXBuildFile; fileRef = 4A6D9AC22DDD309100956727 /* LayoutConstraintsExtension.swift */; };
		4A6D9AE72DDD309100956727 /* warningFilled@3x.png in Resources */ = {isa = PBXBuildFile; fileRef = 4A6D9AD82DDD309100956727 /* warningFilled@3x.png */; };
		4A6D9AE82DDD309100956727 /* alarmOutline@2x.png in Resources */ = {isa = PBXBuildFile; fileRef = 4A6D9AC82DDD309100956727 /* alarmOutline@2x.png */; };
		4A6D9AE92DDD309100956727 /* warningFilled@2x.png in Resources */ = {isa = PBXBuildFile; fileRef = 4A6D9AD72DDD309100956727 /* warningFilled@2x.png */; };
		4A6D9AEA2DDD309100956727 /* notificationFilled@3x.png in Resources */ = {isa = PBXBuildFile; fileRef = 4A6D9AD22DDD309100956727 /* notificationFilled@3x.png */; };
		4A6D9AEB2DDD309100956727 /* check@3x.png in Resources */ = {isa = PBXBuildFile; fileRef = 4A6D9ACC2DDD309100956727 /* check@3x.png */; };
		4A6D9AEC2DDD309100956727 /* notificationFilled@1x.png in Resources */ = {isa = PBXBuildFile; fileRef = 4A6D9AD02DDD309100956727 /* notificationFilled@1x.png */; };
		4A6D9AED2DDD309100956727 /* notificationOutline@3x.png in Resources */ = {isa = PBXBuildFile; fileRef = 4A6D9AD52DDD309100956727 /* notificationOutline@3x.png */; };
		4A6D9AEE2DDD309100956727 /* README.md in Resources */ = {isa = PBXBuildFile; fileRef = 4A6D9AE02DDD309100956727 /* README.md */; };
		4A6D9AEF2DDD309100956727 /* notificationOutline@1x.png in Resources */ = {isa = PBXBuildFile; fileRef = 4A6D9AD32DDD309100956727 /* notificationOutline@1x.png */; };
		4A6D9AF02DDD309100956727 /* notificationOutline@2x.png in Resources */ = {isa = PBXBuildFile; fileRef = 4A6D9AD42DDD309100956727 /* notificationOutline@2x.png */; };
		4A6D9AF12DDD309100956727 /* alarmFilled@2x.png in Resources */ = {isa = PBXBuildFile; fileRef = 4A6D9AC52DDD309100956727 /* alarmFilled@2x.png */; };
		4A6D9AF22DDD309100956727 /* check@1x.png in Resources */ = {isa = PBXBuildFile; fileRef = 4A6D9ACA2DDD309100956727 /* check@1x.png */; };
		4A6D9AF32DDD309100956727 /* error@2x.png in Resources */ = {isa = PBXBuildFile; fileRef = 4A6D9ACE2DDD309100956727 /* error@2x.png */; };
		4A6D9AF42DDD309100956727 /* alarmOutline@1x.png in Resources */ = {isa = PBXBuildFile; fileRef = 4A6D9AC72DDD309100956727 /* alarmOutline@1x.png */; };
		4A6D9AF52DDD309100956727 /* warningOutline@1x.png in Resources */ = {isa = PBXBuildFile; fileRef = 4A6D9AD92DDD309100956727 /* warningOutline@1x.png */; };
		4A6D9AF62DDD309100956727 /* error@3x.png in Resources */ = {isa = PBXBuildFile; fileRef = 4A6D9ACF2DDD309100956727 /* error@3x.png */; };
		4A6D9AF72DDD309100956727 /* LICENSE in Resources */ = {isa = PBXBuildFile; fileRef = 4A6D9ADF2DDD309100956727 /* LICENSE */; };
		4A6D9AF82DDD309100956727 /* check@2x.png in Resources */ = {isa = PBXBuildFile; fileRef = 4A6D9ACB2DDD309100956727 /* check@2x.png */; };
		4A6D9AF92DDD309100956727 /* alarmOutline@3x.png in Resources */ = {isa = PBXBuildFile; fileRef = 4A6D9AC92DDD309100956727 /* alarmOutline@3x.png */; };
		4A6D9AFA2DDD309100956727 /* alarmFilled@1x.png in Resources */ = {isa = PBXBuildFile; fileRef = 4A6D9AC42DDD309100956727 /* alarmFilled@1x.png */; };
		4A6D9AFB2DDD309100956727 /* warningOutline@2x.png in Resources */ = {isa = PBXBuildFile; fileRef = 4A6D9ADA2DDD309100956727 /* warningOutline@2x.png */; };
		4A6D9AFC2DDD309100956727 /* warningOutline@3x.png in Resources */ = {isa = PBXBuildFile; fileRef = 4A6D9ADB2DDD309100956727 /* warningOutline@3x.png */; };
		4A6D9AFD2DDD309100956727 /* error@1x.png in Resources */ = {isa = PBXBuildFile; fileRef = 4A6D9ACD2DDD309100956727 /* error@1x.png */; };
		4A6D9AFE2DDD309100956727 /* notificationFilled@2x.png in Resources */ = {isa = PBXBuildFile; fileRef = 4A6D9AD12DDD309100956727 /* notificationFilled@2x.png */; };
		4A6D9AFF2DDD309100956727 /* alarmFilled@3x.png in Resources */ = {isa = PBXBuildFile; fileRef = 4A6D9AC62DDD309100956727 /* alarmFilled@3x.png */; };
		4A6D9B002DDD309100956727 /* warningFilled@1x.png in Resources */ = {isa = PBXBuildFile; fileRef = 4A6D9AD62DDD309100956727 /* warningFilled@1x.png */; };
		4A75D94C2DDB86FB00C62F36 /* AlertView+EXT.swift in Sources */ = {isa = PBXBuildFile; fileRef = 4A75D94B2DDB86FB00C62F36 /* AlertView+EXT.swift */; };
		4A75D94E2DDB888100C62F36 /* UIImageView+EXT.swift in Sources */ = {isa = PBXBuildFile; fileRef = 4A75D94D2DDB888100C62F36 /* UIImageView+EXT.swift */; };
		4A88DEC02DDA840900E47880 /* ListViewController.swift in Sources */ = {isa = PBXBuildFile; fileRef = 4A88DEBE2DDA840900E47880 /* ListViewController.swift */; };
		4A88DEC12DDA840900E47880 /* ListViewController.xib in Resources */ = {isa = PBXBuildFile; fileRef = 4A88DEBF2DDA840900E47880 /* ListViewController.xib */; };
		4A88DEC42DDA842300E47880 /* Constants.swift in Sources */ = {isa = PBXBuildFile; fileRef = 4A88DEC32DDA842300E47880 /* Constants.swift */; };
		4A88DEC72DDA846B00E47880 /* BaseViewController.swift in Sources */ = {isa = PBXBuildFile; fileRef = 4A88DEC62DDA846B00E47880 /* BaseViewController.swift */; };
		4A88DECB2DDA84E200E47880 /* Colors.xcassets in Resources */ = {isa = PBXBuildFile; fileRef = 4A88DECA2DDA84E200E47880 /* Colors.xcassets */; };
		4A88DECF2DDA87C000E47880 /* UIVIewController+EXT.swift in Sources */ = {isa = PBXBuildFile; fileRef = 4A88DECE2DDA87C000E47880 /* UIVIewController+EXT.swift */; };
		4A88DED12DDA87EA00E47880 /* UICollectionView+EXT.swift in Sources */ = {isa = PBXBuildFile; fileRef = 4A88DED02DDA87EA00E47880 /* UICollectionView+EXT.swift */; };
		4A88DED32DDA883300E47880 /* UIView+EXT.swift in Sources */ = {isa = PBXBuildFile; fileRef = 4A88DED22DDA883300E47880 /* UIView+EXT.swift */; };
		4A88DED52DDA885C00E47880 /* Typealias.swift in Sources */ = {isa = PBXBuildFile; fileRef = 4A88DED42DDA885C00E47880 /* Typealias.swift */; };
		4A88DED92DDA889700E47880 /* AppEndPoints.swift in Sources */ = {isa = PBXBuildFile; fileRef = 4A88DED82DDA889700E47880 /* AppEndPoints.swift */; };
		4A88DEDC2DDA89FD00E47880 /* ErrorMessage.swift in Sources */ = {isa = PBXBuildFile; fileRef = 4A88DEDB2DDA89FD00E47880 /* ErrorMessage.swift */; };
		4A88DEDF2DDA8A3100E47880 /* NetworkManager.swift in Sources */ = {isa = PBXBuildFile; fileRef = 4A88DEDE2DDA8A3100E47880 /* NetworkManager.swift */; };
		4A88DEE12DDA8A4400E47880 /* NetworkProtocol.swift in Sources */ = {isa = PBXBuildFile; fileRef = 4A88DEE02DDA8A4400E47880 /* NetworkProtocol.swift */; };
		4A88DEE42DDA8A6300E47880 /* RequestBase.swift in Sources */ = {isa = PBXBuildFile; fileRef = 4A88DEE32DDA8A6300E47880 /* RequestBase.swift */; };
		4A88DEE92DDA8DCF00E47880 /* CategoryCollectionViewCell.swift in Sources */ = {isa = PBXBuildFile; fileRef = 4A88DEE72DDA8DCF00E47880 /* CategoryCollectionViewCell.swift */; };
		4A88DEEA2DDA8DCF00E47880 /* CategoryCollectionViewCell.xib in Resources */ = {isa = PBXBuildFile; fileRef = 4A88DEE82DDA8DCF00E47880 /* CategoryCollectionViewCell.xib */; };
		4A88DEEE2DDA8EC900E47880 /* MovieCollectionViewCell.swift in Sources */ = {isa = PBXBuildFile; fileRef = 4A88DEEC2DDA8EC900E47880 /* MovieCollectionViewCell.swift */; };
		4A88DEEF2DDA8EC900E47880 /* MovieCollectionViewCell.xib in Resources */ = {isa = PBXBuildFile; fileRef = 4A88DEED2DDA8EC900E47880 /* MovieCollectionViewCell.xib */; };
		4A88DEF32DDA924E00E47880 /* ListViewModel.swift in Sources */ = {isa = PBXBuildFile; fileRef = 4A88DEF22DDA924E00E47880 /* ListViewModel.swift */; };
		4A88DEF62DDA927E00E47880 /* CategoriesModel.swift in Sources */ = {isa = PBXBuildFile; fileRef = 4A88DEF52DDA927E00E47880 /* CategoriesModel.swift */; };
		4A88DEFC2DDB63AC00E47880 /* MoviesResponse.swift in Sources */ = {isa = PBXBuildFile; fileRef = 4A88DEFB2DDB63AC00E47880 /* MoviesResponse.swift */; };
		4ACB0AA02DDA80D2001E4EE3 /* AppDelegate.swift in Sources */ = {isa = PBXBuildFile; fileRef = 4ACB0A9F2DDA80D2001E4EE3 /* AppDelegate.swift */; };
		4ACB0AA22DDA80D2001E4EE3 /* SceneDelegate.swift in Sources */ = {isa = PBXBuildFile; fileRef = 4ACB0AA12DDA80D2001E4EE3 /* SceneDelegate.swift */; };
		4ACB0AA92DDA80D3001E4EE3 /* Assets.xcassets in Resources */ = {isa = PBXBuildFile; fileRef = 4ACB0AA82DDA80D3001E4EE3 /* Assets.xcassets */; };
		4ACB0AAC2DDA80D3001E4EE3 /* Base in Resources */ = {isa = PBXBuildFile; fileRef = 4ACB0AAB2DDA80D3001E4EE3 /* Base */; };
/* End PBXBuildFile section */

/* Begin PBXFileReference section */
		4A6D9AAF2DDBE0CE00956727 /* MovieDetailsViewController.swift */ = {isa = PBXFileReference; lastKnownFileType = sourcecode.swift; path = MovieDetailsViewController.swift; sourceTree = "<group>"; };
		4A6D9AB02DDBE0CE00956727 /* MovieDetailsViewController.xib */ = {isa = PBXFileReference; lastKnownFileType = file.xib; path = MovieDetailsViewController.xib; sourceTree = "<group>"; };
		4A6D9AB42DDBEA1A00956727 /* MovieDetailsViewModel.swift */ = {isa = PBXFileReference; lastKnownFileType = sourcecode.swift; path = MovieDetailsViewModel.swift; sourceTree = "<group>"; };
		4A6D9AB72DDBEA2C00956727 /* MovieDetailsResponse.swift */ = {isa = PBXFileReference; lastKnownFileType = sourcecode.swift; path = MovieDetailsResponse.swift; sourceTree = "<group>"; };
		4A6D9ABE2DDD309100956727 /* CDAlertHeaderView.swift */ = {isa = PBXFileReference; lastKnownFileType = sourcecode.swift; path = CDAlertHeaderView.swift; sourceTree = "<group>"; };
		4A6D9ABF2DDD309100956727 /* CDAlertView.swift */ = {isa = PBXFileReference; lastKnownFileType = sourcecode.swift; path = CDAlertView.swift; sourceTree = "<group>"; };
		4A6D9AC02DDD309100956727 /* CDAlertViewType.swift */ = {isa = PBXFileReference; lastKnownFileType = sourcecode.swift; path = CDAlertViewType.swift; sourceTree = "<group>"; };
		4A6D9AC12DDD309100956727 /* ImageHelper.swift */ = {isa = PBXFileReference; lastKnownFileType = sourcecode.swift; path = ImageHelper.swift; sourceTree = "<group>"; };
		4A6D9AC22DDD309100956727 /* LayoutConstraintsExtension.swift */ = {isa = PBXFileReference; lastKnownFileType = sourcecode.swift; path = LayoutConstraintsExtension.swift; sourceTree = "<group>"; };
		4A6D9AC42DDD309100956727 /* alarmFilled@1x.png */ = {isa = PBXFileReference; lastKnownFileType = image.png; path = "alarmFilled@1x.png"; sourceTree = "<group>"; };
		4A6D9AC52DDD309100956727 /* alarmFilled@2x.png */ = {isa = PBXFileReference; lastKnownFileType = image.png; path = "alarmFilled@2x.png"; sourceTree = "<group>"; };
		4A6D9AC62DDD309100956727 /* alarmFilled@3x.png */ = {isa = PBXFileReference; lastKnownFileType = image.png; path = "alarmFilled@3x.png"; sourceTree = "<group>"; };
		4A6D9AC72DDD309100956727 /* alarmOutline@1x.png */ = {isa = PBXFileReference; lastKnownFileType = image.png; path = "alarmOutline@1x.png"; sourceTree = "<group>"; };
		4A6D9AC82DDD309100956727 /* alarmOutline@2x.png */ = {isa = PBXFileReference; lastKnownFileType = image.png; path = "alarmOutline@2x.png"; sourceTree = "<group>"; };
		4A6D9AC92DDD309100956727 /* alarmOutline@3x.png */ = {isa = PBXFileReference; lastKnownFileType = image.png; path = "alarmOutline@3x.png"; sourceTree = "<group>"; };
		4A6D9ACA2DDD309100956727 /* check@1x.png */ = {isa = PBXFileReference; lastKnownFileType = image.png; path = "check@1x.png"; sourceTree = "<group>"; };
		4A6D9ACB2DDD309100956727 /* check@2x.png */ = {isa = PBXFileReference; lastKnownFileType = image.png; path = "check@2x.png"; sourceTree = "<group>"; };
		4A6D9ACC2DDD309100956727 /* check@3x.png */ = {isa = PBXFileReference; lastKnownFileType = image.png; path = "check@3x.png"; sourceTree = "<group>"; };
		4A6D9ACD2DDD309100956727 /* error@1x.png */ = {isa = PBXFileReference; lastKnownFileType = image.png; path = "error@1x.png"; sourceTree = "<group>"; };
		4A6D9ACE2DDD309100956727 /* error@2x.png */ = {isa = PBXFileReference; lastKnownFileType = image.png; path = "error@2x.png"; sourceTree = "<group>"; };
		4A6D9ACF2DDD309100956727 /* error@3x.png */ = {isa = PBXFileReference; lastKnownFileType = image.png; path = "error@3x.png"; sourceTree = "<group>"; };
		4A6D9AD02DDD309100956727 /* notificationFilled@1x.png */ = {isa = PBXFileReference; lastKnownFileType = image.png; path = "notificationFilled@1x.png"; sourceTree = "<group>"; };
		4A6D9AD12DDD309100956727 /* notificationFilled@2x.png */ = {isa = PBXFileReference; lastKnownFileType = image.png; path = "notificationFilled@2x.png"; sourceTree = "<group>"; };
		4A6D9AD22DDD309100956727 /* notificationFilled@3x.png */ = {isa = PBXFileReference; lastKnownFileType = image.png; path = "notificationFilled@3x.png"; sourceTree = "<group>"; };
		4A6D9AD32DDD309100956727 /* notificationOutline@1x.png */ = {isa = PBXFileReference; lastKnownFileType = image.png; path = "notificationOutline@1x.png"; sourceTree = "<group>"; };
		4A6D9AD42DDD309100956727 /* notificationOutline@2x.png */ = {isa = PBXFileReference; lastKnownFileType = image.png; path = "notificationOutline@2x.png"; sourceTree = "<group>"; };
		4A6D9AD52DDD309100956727 /* notificationOutline@3x.png */ = {isa = PBXFileReference; lastKnownFileType = image.png; path = "notificationOutline@3x.png"; sourceTree = "<group>"; };
		4A6D9AD62DDD309100956727 /* warningFilled@1x.png */ = {isa = PBXFileReference; lastKnownFileType = image.png; path = "warningFilled@1x.png"; sourceTree = "<group>"; };
		4A6D9AD72DDD309100956727 /* warningFilled@2x.png */ = {isa = PBXFileReference; lastKnownFileType = image.png; path = "warningFilled@2x.png"; sourceTree = "<group>"; };
		4A6D9AD82DDD309100956727 /* warningFilled@3x.png */ = {isa = PBXFileReference; lastKnownFileType = image.png; path = "warningFilled@3x.png"; sourceTree = "<group>"; };
		4A6D9AD92DDD309100956727 /* warningOutline@1x.png */ = {isa = PBXFileReference; lastKnownFileType = image.png; path = "warningOutline@1x.png"; sourceTree = "<group>"; };
		4A6D9ADA2DDD309100956727 /* warningOutline@2x.png */ = {isa = PBXFileReference; lastKnownFileType = image.png; path = "warningOutline@2x.png"; sourceTree = "<group>"; };
		4A6D9ADB2DDD309100956727 /* warningOutline@3x.png */ = {isa = PBXFileReference; lastKnownFileType = image.png; path = "warningOutline@3x.png"; sourceTree = "<group>"; };
		4A6D9ADF2DDD309100956727 /* LICENSE */ = {isa = PBXFileReference; lastKnownFileType = text; path = LICENSE; sourceTree = "<group>"; };
		4A6D9AE02DDD309100956727 /* README.md */ = {isa = PBXFileReference; lastKnownFileType = net.daringfireball.markdown; path = README.md; sourceTree = "<group>"; };
		4A75D94B2DDB86FB00C62F36 /* AlertView+EXT.swift */ = {isa = PBXFileReference; lastKnownFileType = sourcecode.swift; path = "AlertView+EXT.swift"; sourceTree = "<group>"; };
		4A75D94D2DDB888100C62F36 /* UIImageView+EXT.swift */ = {isa = PBXFileReference; lastKnownFileType = sourcecode.swift; path = "UIImageView+EXT.swift"; sourceTree = "<group>"; };
		4A88DEBE2DDA840900E47880 /* ListViewController.swift */ = {isa = PBXFileReference; lastKnownFileType = sourcecode.swift; path = ListViewController.swift; sourceTree = "<group>"; };
		4A88DEBF2DDA840900E47880 /* ListViewController.xib */ = {isa = PBXFileReference; lastKnownFileType = file.xib; path = ListViewController.xib; sourceTree = "<group>"; };
		4A88DEC32DDA842300E47880 /* Constants.swift */ = {isa = PBXFileReference; lastKnownFileType = sourcecode.swift; path = Constants.swift; sourceTree = "<group>"; };
		4A88DEC62DDA846B00E47880 /* BaseViewController.swift */ = {isa = PBXFileReference; lastKnownFileType = sourcecode.swift; path = BaseViewController.swift; sourceTree = "<group>"; };
		4A88DECA2DDA84E200E47880 /* Colors.xcassets */ = {isa = PBXFileReference; lastKnownFileType = folder.assetcatalog; path = Colors.xcassets; sourceTree = "<group>"; };
		4A88DECE2DDA87C000E47880 /* UIVIewController+EXT.swift */ = {isa = PBXFileReference; lastKnownFileType = sourcecode.swift; path = "UIVIewController+EXT.swift"; sourceTree = "<group>"; };
		4A88DED02DDA87EA00E47880 /* UICollectionView+EXT.swift */ = {isa = PBXFileReference; lastKnownFileType = sourcecode.swift; path = "UICollectionView+EXT.swift"; sourceTree = "<group>"; };
		4A88DED22DDA883300E47880 /* UIView+EXT.swift */ = {isa = PBXFileReference; lastKnownFileType = sourcecode.swift; path = "UIView+EXT.swift"; sourceTree = "<group>"; };
		4A88DED42DDA885C00E47880 /* Typealias.swift */ = {isa = PBXFileReference; lastKnownFileType = sourcecode.swift; path = Typealias.swift; sourceTree = "<group>"; };
		4A88DED82DDA889700E47880 /* AppEndPoints.swift */ = {isa = PBXFileReference; lastKnownFileType = sourcecode.swift; path = AppEndPoints.swift; sourceTree = "<group>"; };
		4A88DEDB2DDA89FD00E47880 /* ErrorMessage.swift */ = {isa = PBXFileReference; lastKnownFileType = sourcecode.swift; path = ErrorMessage.swift; sourceTree = "<group>"; };
		4A88DEDE2DDA8A3100E47880 /* NetworkManager.swift */ = {isa = PBXFileReference; lastKnownFileType = sourcecode.swift; path = NetworkManager.swift; sourceTree = "<group>"; };
		4A88DEE02DDA8A4400E47880 /* NetworkProtocol.swift */ = {isa = PBXFileReference; lastKnownFileType = sourcecode.swift; path = NetworkProtocol.swift; sourceTree = "<group>"; };
		4A88DEE32DDA8A6300E47880 /* RequestBase.swift */ = {isa = PBXFileReference; lastKnownFileType = sourcecode.swift; path = RequestBase.swift; sourceTree = "<group>"; };
		4A88DEE72DDA8DCF00E47880 /* CategoryCollectionViewCell.swift */ = {isa = PBXFileReference; lastKnownFileType = sourcecode.swift; path = CategoryCollectionViewCell.swift; sourceTree = "<group>"; };
		4A88DEE82DDA8DCF00E47880 /* CategoryCollectionViewCell.xib */ = {isa = PBXFileReference; lastKnownFileType = file.xib; path = CategoryCollectionViewCell.xib; sourceTree = "<group>"; };
		4A88DEEC2DDA8EC900E47880 /* MovieCollectionViewCell.swift */ = {isa = PBXFileReference; lastKnownFileType = sourcecode.swift; path = MovieCollectionViewCell.swift; sourceTree = "<group>"; };
		4A88DEED2DDA8EC900E47880 /* MovieCollectionViewCell.xib */ = {isa = PBXFileReference; lastKnownFileType = file.xib; path = MovieCollectionViewCell.xib; sourceTree = "<group>"; };
		4A88DEF22DDA924E00E47880 /* ListViewModel.swift */ = {isa = PBXFileReference; lastKnownFileType = sourcecode.swift; path = ListViewModel.swift; sourceTree = "<group>"; };
		4A88DEF52DDA927E00E47880 /* CategoriesModel.swift */ = {isa = PBXFileReference; lastKnownFileType = sourcecode.swift; path = CategoriesModel.swift; sourceTree = "<group>"; };
		4A88DEFB2DDB63AC00E47880 /* MoviesResponse.swift */ = {isa = PBXFileReference; lastKnownFileType = sourcecode.swift; path = MoviesResponse.swift; sourceTree = "<group>"; };
		4ACB0A9C2DDA80D2001E4EE3 /* BB4IT-Movies.app */ = {isa = PBXFileReference; explicitFileType = wrapper.application; includeInIndex = 0; path = "BB4IT-Movies.app"; sourceTree = BUILT_PRODUCTS_DIR; };
		4ACB0A9F2DDA80D2001E4EE3 /* AppDelegate.swift */ = {isa = PBXFileReference; lastKnownFileType = sourcecode.swift; path = AppDelegate.swift; sourceTree = "<group>"; };
		4ACB0AA12DDA80D2001E4EE3 /* SceneDelegate.swift */ = {isa = PBXFileReference; lastKnownFileType = sourcecode.swift; path = SceneDelegate.swift; sourceTree = "<group>"; };
		4ACB0AA82DDA80D3001E4EE3 /* Assets.xcassets */ = {isa = PBXFileReference; lastKnownFileType = folder.assetcatalog; path = Assets.xcassets; sourceTree = "<group>"; };
		4ACB0AAB2DDA80D3001E4EE3 /* Base */ = {isa = PBXFileReference; lastKnownFileType = file.storyboard; name = Base; path = Base.lproj/LaunchScreen.storyboard; sourceTree = "<group>"; };
		4ACB0AAD2DDA80D3001E4EE3 /* Info.plist */ = {isa = PBXFileReference; lastKnownFileType = text.plist.xml; path = Info.plist; sourceTree = "<group>"; };
/* End PBXFileReference section */

/* Begin PBXFrameworksBuildPhase section */
		4ACB0A992DDA80D2001E4EE3 /* Frameworks */ = {
			isa = PBXFrameworksBuildPhase;
			buildActionMask = 2147483647;
			files = (
				4A202F112DDA833100C2249C /* SDWebImage in Frameworks */,
				4A202F0E2DDA82D600C2249C /* AlamofireEasyLogger in Frameworks */,
				4A202F042DDA82C100C2249C /* Alamofire in Frameworks */,
				4A202F132DDA833100C2249C /* SDWebImageMapKit in Frameworks */,
			);
			runOnlyForDeploymentPostprocessing = 0;
		};
/* End PBXFrameworksBuildPhase section */

/* Begin PBXGroup section */
		4A6D9AAD2DDBE09600956727 /* MovieDetails */ = {
			isa = PBXGroup;
			children = (
				4A6D9AB62DDBEA1D00956727 /* Model */,
				4A6D9AB32DDBEA0800956727 /* ViewModel */,
				4A6D9AAE2DDBE0AE00956727 /* View */,
			);
			path = MovieDetails;
			sourceTree = "<group>";
		};
		4A6D9AAE2DDBE0AE00956727 /* View */ = {
			isa = PBXGroup;
			children = (
				4A6D9AAF2DDBE0CE00956727 /* MovieDetailsViewController.swift */,
				4A6D9AB02DDBE0CE00956727 /* MovieDetailsViewController.xib */,
			);
			path = View;
			sourceTree = "<group>";
		};
		4A6D9AB32DDBEA0800956727 /* ViewModel */ = {
			isa = PBXGroup;
			children = (
				4A6D9AB42DDBEA1A00956727 /* MovieDetailsViewModel.swift */,
			);
			path = ViewModel;
			sourceTree = "<group>";
		};
		4A6D9AB62DDBEA1D00956727 /* Model */ = {
			isa = PBXGroup;
			children = (
				4A6D9AB72DDBEA2C00956727 /* MovieDetailsResponse.swift */,
			);
			path = Model;
			sourceTree = "<group>";
		};
		4A6D9ABD2DDD2F0400956727 /* Utilities */ = {
			isa = PBXGroup;
			children = (
				4ACB0AA82DDA80D3001E4EE3 /* Assets.xcassets */,
				4A88DECA2DDA84E200E47880 /* Colors.xcassets */,
				4ACB0AAA2DDA80D3001E4EE3 /* LaunchScreen.storyboard */,
				4ACB0AAD2DDA80D3001E4EE3 /* Info.plist */,
			);
			path = Utilities;
			sourceTree = "<group>";
		};
		4A6D9AC32DDD309100956727 /* Classes */ = {
			isa = PBXGroup;
			children = (
				4A6D9ABE2DDD309100956727 /* CDAlertHeaderView.swift */,
				4A6D9ABF2DDD309100956727 /* CDAlertView.swift */,
				4A6D9AC02DDD309100956727 /* CDAlertViewType.swift */,
				4A6D9AC12DDD309100956727 /* ImageHelper.swift */,
				4A6D9AC22DDD309100956727 /* LayoutConstraintsExtension.swift */,
			);
			path = Classes;
			sourceTree = "<group>";
		};
		4A6D9ADC2DDD309100956727 /* Assets */ = {
			isa = PBXGroup;
			children = (
				4A6D9AC42DDD309100956727 /* alarmFilled@1x.png */,
				4A6D9AC52DDD309100956727 /* alarmFilled@2x.png */,
				4A6D9AC62DDD309100956727 /* alarmFilled@3x.png */,
				4A6D9AC72DDD309100956727 /* alarmOutline@1x.png */,
				4A6D9AC82DDD309100956727 /* alarmOutline@2x.png */,
				4A6D9AC92DDD309100956727 /* alarmOutline@3x.png */,
				4A6D9ACA2DDD309100956727 /* check@1x.png */,
				4A6D9ACB2DDD309100956727 /* check@2x.png */,
				4A6D9ACC2DDD309100956727 /* check@3x.png */,
				4A6D9ACD2DDD309100956727 /* error@1x.png */,
				4A6D9ACE2DDD309100956727 /* error@2x.png */,
				4A6D9ACF2DDD309100956727 /* error@3x.png */,
				4A6D9AD02DDD309100956727 /* notificationFilled@1x.png */,
				4A6D9AD12DDD309100956727 /* notificationFilled@2x.png */,
				4A6D9AD22DDD309100956727 /* notificationFilled@3x.png */,
				4A6D9AD32DDD309100956727 /* notificationOutline@1x.png */,
				4A6D9AD42DDD309100956727 /* notificationOutline@2x.png */,
				4A6D9AD52DDD309100956727 /* notificationOutline@3x.png */,
				4A6D9AD62DDD309100956727 /* warningFilled@1x.png */,
				4A6D9AD72DDD309100956727 /* warningFilled@2x.png */,
				4A6D9AD82DDD309100956727 /* warningFilled@3x.png */,
				4A6D9AD92DDD309100956727 /* warningOutline@1x.png */,
				4A6D9ADA2DDD309100956727 /* warningOutline@2x.png */,
				4A6D9ADB2DDD309100956727 /* warningOutline@3x.png */,
			);
			path = Assets;
			sourceTree = "<group>";
		};
		4A6D9ADD2DDD309100956727 /* Resources */ = {
			isa = PBXGroup;
			children = (
				4A6D9ADC2DDD309100956727 /* Assets */,
			);
			path = Resources;
			sourceTree = "<group>";
		};
		4A6D9ADE2DDD309100956727 /* CDAlertView */ = {
			isa = PBXGroup;
			children = (
				4A6D9AC32DDD309100956727 /* Classes */,
				4A6D9ADD2DDD309100956727 /* Resources */,
			);
			path = CDAlertView;
			sourceTree = "<group>";
		};
		4A6D9AE12DDD309100956727 /* CDAlertView */ = {
			isa = PBXGroup;
			children = (
				4A6D9ADE2DDD309100956727 /* CDAlertView */,
				4A6D9ADF2DDD309100956727 /* LICENSE */,
				4A6D9AE02DDD309100956727 /* README.md */,
			);
			path = CDAlertView;
			sourceTree = "<group>";
		};
		4A88DEBC2DDA83ED00E47880 /* Scenes */ = {
			isa = PBXGroup;
			children = (
				4A88DEBD2DDA83FB00E47880 /* List */,
				4A6D9AAD2DDBE09600956727 /* MovieDetails */,
			);
			path = Scenes;
			sourceTree = "<group>";
		};
		4A88DEBD2DDA83FB00E47880 /* List */ = {
			isa = PBXGroup;
			children = (
				4A88DEF42DDA927000E47880 /* Model */,
				4A88DEF12DDA923600E47880 /* ViewModel */,
				4A88DEF02DDA922500E47880 /* View */,
			);
			path = List;
			sourceTree = "<group>";
		};
		4A88DEC22DDA841000E47880 /* Manager */ = {
			isa = PBXGroup;
			children = (
				4A88DEC32DDA842300E47880 /* Constants.swift */,
			);
			path = Manager;
			sourceTree = "<group>";
		};
		4A88DEC52DDA844B00E47880 /* Base */ = {
			isa = PBXGroup;
			children = (
				4A88DEC62DDA846B00E47880 /* BaseViewController.swift */,
			);
			path = Base;
			sourceTree = "<group>";
		};
		4A88DEC82DDA84C400E47880 /* App */ = {
			isa = PBXGroup;
			children = (
				4ACB0A9F2DDA80D2001E4EE3 /* AppDelegate.swift */,
				4ACB0AA12DDA80D2001E4EE3 /* SceneDelegate.swift */,
			);
			path = App;
			sourceTree = "<group>";
		};
		4A88DECC2DDA87A400E47880 /* Helpers */ = {
			isa = PBXGroup;
			children = (
				4A6D9AE12DDD309100956727 /* CDAlertView */,
				4A88DECD2DDA87B100E47880 /* Extention */,
				4A88DED42DDA885C00E47880 /* Typealias.swift */,
			);
			path = Helpers;
			sourceTree = "<group>";
		};
		4A88DECD2DDA87B100E47880 /* Extention */ = {
			isa = PBXGroup;
			children = (
				4A88DECE2DDA87C000E47880 /* UIVIewController+EXT.swift */,
				4A88DED02DDA87EA00E47880 /* UICollectionView+EXT.swift */,
				4A88DED22DDA883300E47880 /* UIView+EXT.swift */,
				4A75D94B2DDB86FB00C62F36 /* AlertView+EXT.swift */,
				4A75D94D2DDB888100C62F36 /* UIImageView+EXT.swift */,
			);
			path = Extention;
			sourceTree = "<group>";
		};
		4A88DED62DDA887900E47880 /* NetworkLayer */ = {
			isa = PBXGroup;
			children = (
				4A88DED72DDA888700E47880 /* AppEndPoints */,
				4A88DEDA2DDA89EE00E47880 /* Error */,
				4A88DEDD2DDA8A2200E47880 /* Network */,
				4A88DEE22DDA8A5900E47880 /* Base */,
			);
			path = NetworkLayer;
			sourceTree = "<group>";
		};
		4A88DED72DDA888700E47880 /* AppEndPoints */ = {
			isa = PBXGroup;
			children = (
				4A88DED82DDA889700E47880 /* AppEndPoints.swift */,
			);
			path = AppEndPoints;
			sourceTree = "<group>";
		};
		4A88DEDA2DDA89EE00E47880 /* Error */ = {
			isa = PBXGroup;
			children = (
				4A88DEDB2DDA89FD00E47880 /* ErrorMessage.swift */,
			);
			path = Error;
			sourceTree = "<group>";
		};
		4A88DEDD2DDA8A2200E47880 /* Network */ = {
			isa = PBXGroup;
			children = (
				4A88DEDE2DDA8A3100E47880 /* NetworkManager.swift */,
				4A88DEE02DDA8A4400E47880 /* NetworkProtocol.swift */,
			);
			path = Network;
			sourceTree = "<group>";
		};
		4A88DEE22DDA8A5900E47880 /* Base */ = {
			isa = PBXGroup;
			children = (
				4A88DEE32DDA8A6300E47880 /* RequestBase.swift */,
			);
			path = Base;
			sourceTree = "<group>";
		};
		4A88DEE52DDA8DA700E47880 /* CollectionCells */ = {
			isa = PBXGroup;
			children = (
				4A88DEEB2DDA8EB000E47880 /* MovieCollectionViewCell */,
				4A88DEE62DDA8DB200E47880 /* CategoryCollectionViewCell */,
			);
			path = CollectionCells;
			sourceTree = "<group>";
		};
		4A88DEE62DDA8DB200E47880 /* CategoryCollectionViewCell */ = {
			isa = PBXGroup;
			children = (
				4A88DEE72DDA8DCF00E47880 /* CategoryCollectionViewCell.swift */,
				4A88DEE82DDA8DCF00E47880 /* CategoryCollectionViewCell.xib */,
			);
			path = CategoryCollectionViewCell;
			sourceTree = "<group>";
		};
		4A88DEEB2DDA8EB000E47880 /* MovieCollectionViewCell */ = {
			isa = PBXGroup;
			children = (
				4A88DEEC2DDA8EC900E47880 /* MovieCollectionViewCell.swift */,
				4A88DEED2DDA8EC900E47880 /* MovieCollectionViewCell.xib */,
			);
			path = MovieCollectionViewCell;
			sourceTree = "<group>";
		};
		4A88DEF02DDA922500E47880 /* View */ = {
			isa = PBXGroup;
			children = (
				4A88DEE52DDA8DA700E47880 /* CollectionCells */,
				4A88DEBE2DDA840900E47880 /* ListViewController.swift */,
				4A88DEBF2DDA840900E47880 /* ListViewController.xib */,
			);
			path = View;
			sourceTree = "<group>";
		};
		4A88DEF12DDA923600E47880 /* ViewModel */ = {
			isa = PBXGroup;
			children = (
				4A88DEF22DDA924E00E47880 /* ListViewModel.swift */,
			);
			path = ViewModel;
			sourceTree = "<group>";
		};
		4A88DEF42DDA927000E47880 /* Model */ = {
			isa = PBXGroup;
			children = (
				4A88DEF52DDA927E00E47880 /* CategoriesModel.swift */,
				4A88DEFB2DDB63AC00E47880 /* MoviesResponse.swift */,
			);
			path = Model;
			sourceTree = "<group>";
		};
		4ACB0A932DDA80D2001E4EE3 = {
			isa = PBXGroup;
			children = (
				4ACB0A9E2DDA80D2001E4EE3 /* BB4IT-Movies */,
				4ACB0A9D2DDA80D2001E4EE3 /* Products */,
			);
			sourceTree = "<group>";
		};
		4ACB0A9D2DDA80D2001E4EE3 /* Products */ = {
			isa = PBXGroup;
			children = (
				4ACB0A9C2DDA80D2001E4EE3 /* BB4IT-Movies.app */,
			);
			name = Products;
			sourceTree = "<group>";
		};
		4ACB0A9E2DDA80D2001E4EE3 /* BB4IT-Movies */ = {
			isa = PBXGroup;
			children = (
				4A88DEC22DDA841000E47880 /* Manager */,
				4A88DEC52DDA844B00E47880 /* Base */,
				4A88DED62DDA887900E47880 /* NetworkLayer */,
				4A88DECC2DDA87A400E47880 /* Helpers */,
				4A88DEBC2DDA83ED00E47880 /* Scenes */,
				4A6D9ABD2DDD2F0400956727 /* Utilities */,
				4A88DEC82DDA84C400E47880 /* App */,
			);
			path = "BB4IT-Movies";
			sourceTree = "<group>";
		};
/* End PBXGroup section */

/* Begin PBXNativeTarget section */
		4ACB0A9B2DDA80D2001E4EE3 /* BB4IT-Movies */ = {
			isa = PBXNativeTarget;
			buildConfigurationList = 4ACB0AB02DDA80D3001E4EE3 /* Build configuration list for PBXNativeTarget "BB4IT-Movies" */;
			buildPhases = (
				4ACB0A982DDA80D2001E4EE3 /* Sources */,
				4ACB0A992DDA80D2001E4EE3 /* Frameworks */,
				4ACB0A9A2DDA80D2001E4EE3 /* Resources */,
			);
			buildRules = (
			);
			dependencies = (
			);
			name = "BB4IT-Movies";
			packageProductDependencies = (
				4A202F032DDA82C100C2249C /* Alamofire */,
				4A202F0D2DDA82D600C2249C /* AlamofireEasyLogger */,
				4A202F102DDA833100C2249C /* SDWebImage */,
				4A202F122DDA833100C2249C /* SDWebImageMapKit */,
			);
			productName = "BB4IT-Movies";
			productReference = 4ACB0A9C2DDA80D2001E4EE3 /* BB4IT-Movies.app */;
			productType = "com.apple.product-type.application";
		};
/* End PBXNativeTarget section */

/* Begin PBXProject section */
		4ACB0A942DDA80D2001E4EE3 /* Project object */ = {
			isa = PBXProject;
			attributes = {
				BuildIndependentTargetsInParallel = 1;
				LastSwiftUpdateCheck = 1540;
				LastUpgradeCheck = 1540;
				TargetAttributes = {
					4ACB0A9B2DDA80D2001E4EE3 = {
						CreatedOnToolsVersion = 15.4;
					};
				};
			};
			buildConfigurationList = 4ACB0A972DDA80D2001E4EE3 /* Build configuration list for PBXProject "BB4IT-Movies" */;
			compatibilityVersion = "Xcode 14.0";
			developmentRegion = en;
			hasScannedForEncodings = 0;
			knownRegions = (
				en,
				Base,
			);
			mainGroup = 4ACB0A932DDA80D2001E4EE3;
			packageReferences = (
				4A202F022DDA82C100C2249C /* XCRemoteSwiftPackageReference "Alamofire" */,
				4A202F0C2DDA82D600C2249C /* XCRemoteSwiftPackageReference "AlamofireEasyLogger" */,
				4A202F0F2DDA833100C2249C /* XCRemoteSwiftPackageReference "SDWebImage" */,
			);
			productRefGroup = 4ACB0A9D2DDA80D2001E4EE3 /* Products */;
			projectDirPath = "";
			projectRoot = "";
			targets = (
				4ACB0A9B2DDA80D2001E4EE3 /* BB4IT-Movies */,
			);
		};
/* End PBXProject section */

/* Begin PBXResourcesBuildPhase section */
		4ACB0A9A2DDA80D2001E4EE3 /* Resources */ = {
			isa = PBXResourcesBuildPhase;
			buildActionMask = 2147483647;
			files = (
				4A88DECB2DDA84E200E47880 /* Colors.xcassets in Resources */,
				4A88DEEA2DDA8DCF00E47880 /* CategoryCollectionViewCell.xib in Resources */,
				4ACB0AA92DDA80D3001E4EE3 /* Assets.xcassets in Resources */,
				4ACB0AAC2DDA80D3001E4EE3 /* Base in Resources */,
				4A6D9AB22DDBE0CE00956727 /* MovieDetailsViewController.xib in Resources */,
				4A88DEC12DDA840900E47880 /* ListViewController.xib in Resources */,
				4A88DEEF2DDA8EC900E47880 /* MovieCollectionViewCell.xib in Resources */,
				4A6D9AE72DDD309100956727 /* warningFilled@3x.png in Resources */,
				4A6D9AE82DDD309100956727 /* alarmOutline@2x.png in Resources */,
				4A6D9AE92DDD309100956727 /* warningFilled@2x.png in Resources */,
				4A6D9AEA2DDD309100956727 /* notificationFilled@3x.png in Resources */,
				4A6D9AEB2DDD309100956727 /* check@3x.png in Resources */,
				4A6D9AEC2DDD309100956727 /* notificationFilled@1x.png in Resources */,
				4A6D9AED2DDD309100956727 /* notificationOutline@3x.png in Resources */,
				4A6D9AEE2DDD309100956727 /* README.md in Resources */,
				4A6D9AEF2DDD309100956727 /* notificationOutline@1x.png in Resources */,
				4A6D9AF02DDD309100956727 /* notificationOutline@2x.png in Resources */,
				4A6D9AF12DDD309100956727 /* alarmFilled@2x.png in Resources */,
				4A6D9AF22DDD309100956727 /* check@1x.png in Resources */,
				4A6D9AF32DDD309100956727 /* error@2x.png in Resources */,
				4A6D9AF42DDD309100956727 /* alarmOutline@1x.png in Resources */,
				4A6D9AF52DDD309100956727 /* warningOutline@1x.png in Resources */,
				4A6D9AF62DDD309100956727 /* error@3x.png in Resources */,
				4A6D9AF72DDD309100956727 /* LICENSE in Resources */,
				4A6D9AF82DDD309100956727 /* check@2x.png in Resources */,
				4A6D9AF92DDD309100956727 /* alarmOutline@3x.png in Resources */,
				4A6D9AFA2DDD309100956727 /* alarmFilled@1x.png in Resources */,
				4A6D9AFB2DDD309100956727 /* warningOutline@2x.png in Resources */,
				4A6D9AFC2DDD309100956727 /* warningOutline@3x.png in Resources */,
				4A6D9AFD2DDD309100956727 /* error@1x.png in Resources */,
				4A6D9AFE2DDD309100956727 /* notificationFilled@2x.png in Resources */,
				4A6D9AFF2DDD309100956727 /* alarmFilled@3x.png in Resources */,
				4A6D9B002DDD309100956727 /* warningFilled@1x.png in Resources */,
			);
			runOnlyForDeploymentPostprocessing = 0;
		};
/* End PBXResourcesBuildPhase section */

/* Begin PBXSourcesBuildPhase section */
		4ACB0A982DDA80D2001E4EE3 /* Sources */ = {
			isa = PBXSourcesBuildPhase;
			buildActionMask = 2147483647;
			files = (
				4A88DEDF2DDA8A3100E47880 /* NetworkManager.swift in Sources */,
				4A88DEE92DDA8DCF00E47880 /* CategoryCollectionViewCell.swift in Sources */,
				4A88DED32DDA883300E47880 /* UIView+EXT.swift in Sources */,
				4A75D94E2DDB888100C62F36 /* UIImageView+EXT.swift in Sources */,
				4A88DEF62DDA927E00E47880 /* CategoriesModel.swift in Sources */,
				4A88DED52DDA885C00E47880 /* Typealias.swift in Sources */,
				4A6D9AB52DDBEA1A00956727 /* MovieDetailsViewModel.swift in Sources */,
				4A88DEDC2DDA89FD00E47880 /* ErrorMessage.swift in Sources */,
				4A88DEC42DDA842300E47880 /* Constants.swift in Sources */,
				4A88DED12DDA87EA00E47880 /* UICollectionView+EXT.swift in Sources */,
				4A88DEE42DDA8A6300E47880 /* RequestBase.swift in Sources */,
				4A6D9AE22DDD309100956727 /* CDAlertView.swift in Sources */,
				4A6D9AE32DDD309100956727 /* ImageHelper.swift in Sources */,
				4A6D9AE42DDD309100956727 /* CDAlertViewType.swift in Sources */,
				4A6D9AE52DDD309100956727 /* CDAlertHeaderView.swift in Sources */,
				4A6D9AE62DDD309100956727 /* LayoutConstraintsExtension.swift in Sources */,
				4ACB0AA02DDA80D2001E4EE3 /* AppDelegate.swift in Sources */,
				4A88DEFC2DDB63AC00E47880 /* MoviesResponse.swift in Sources */,
				4A88DECF2DDA87C000E47880 /* UIVIewController+EXT.swift in Sources */,
				4A88DED92DDA889700E47880 /* AppEndPoints.swift in Sources */,
				4A88DEC02DDA840900E47880 /* ListViewController.swift in Sources */,
				4A88DEE12DDA8A4400E47880 /* NetworkProtocol.swift in Sources */,
				4A6D9AB12DDBE0CE00956727 /* MovieDetailsViewController.swift in Sources */,
				4A6D9AB82DDBEA2C00956727 /* MovieDetailsResponse.swift in Sources */,
				4ACB0AA22DDA80D2001E4EE3 /* SceneDelegate.swift in Sources */,
				4A88DEC72DDA846B00E47880 /* BaseViewController.swift in Sources */,
				4A75D94C2DDB86FB00C62F36 /* AlertView+EXT.swift in Sources */,
				4A88DEEE2DDA8EC900E47880 /* MovieCollectionViewCell.swift in Sources */,
				4A88DEF32DDA924E00E47880 /* ListViewModel.swift in Sources */,
			);
			runOnlyForDeploymentPostprocessing = 0;
		};
/* End PBXSourcesBuildPhase section */

/* Begin PBXVariantGroup section */
		4ACB0AAA2DDA80D3001E4EE3 /* LaunchScreen.storyboard */ = {
			isa = PBXVariantGroup;
			children = (
				4ACB0AAB2DDA80D3001E4EE3 /* Base */,
			);
			name = LaunchScreen.storyboard;
			sourceTree = "<group>";
		};
/* End PBXVariantGroup section */

/* Begin XCBuildConfiguration section */
		4ACB0AAE2DDA80D3001E4EE3 /* Debug */ = {
			isa = XCBuildConfiguration;
			buildSettings = {
				ALWAYS_SEARCH_USER_PATHS = NO;
				ASSETCATALOG_COMPILER_GENERATE_SWIFT_ASSET_SYMBOL_EXTENSIONS = YES;
				CLANG_ANALYZER_NONNULL = YES;
				CLANG_ANALYZER_NUMBER_OBJECT_CONVERSION = YES_AGGRESSIVE;
				CLANG_CXX_LANGUAGE_STANDARD = "gnu++20";
				CLANG_ENABLE_MODULES = YES;
				CLANG_ENABLE_OBJC_ARC = YES;
				CLANG_ENABLE_OBJC_WEAK = YES;
				CLANG_WARN_BLOCK_CAPTURE_AUTORELEASING = YES;
				CLANG_WARN_BOOL_CONVERSION = YES;
				CLANG_WARN_COMMA = YES;
				CLANG_WARN_CONSTANT_CONVERSION = YES;
				CLANG_WARN_DEPRECATED_OBJC_IMPLEMENTATIONS = YES;
				CLANG_WARN_DIRECT_OBJC_ISA_USAGE = YES_ERROR;
				CLANG_WARN_DOCUMENTATION_COMMENTS = YES;
				CLANG_WARN_EMPTY_BODY = YES;
				CLANG_WARN_ENUM_CONVERSION = YES;
				CLANG_WARN_INFINITE_RECURSION = YES;
				CLANG_WARN_INT_CONVERSION = YES;
				CLANG_WARN_NON_LITERAL_NULL_CONVERSION = YES;
				CLANG_WARN_OBJC_IMPLICIT_RETAIN_SELF = YES;
				CLANG_WARN_OBJC_LITERAL_CONVERSION = YES;
				CLANG_WARN_OBJC_ROOT_CLASS = YES_ERROR;
				CLANG_WARN_QUOTED_INCLUDE_IN_FRAMEWORK_HEADER = YES;
				CLANG_WARN_RANGE_LOOP_ANALYSIS = YES;
				CLANG_WARN_STRICT_PROTOTYPES = YES;
				CLANG_WARN_SUSPICIOUS_MOVE = YES;
				CLANG_WARN_UNGUARDED_AVAILABILITY = YES_AGGRESSIVE;
				CLANG_WARN_UNREACHABLE_CODE = YES;
				CLANG_WARN__DUPLICATE_METHOD_MATCH = YES;
				COPY_PHASE_STRIP = NO;
				DEBUG_INFORMATION_FORMAT = dwarf;
				ENABLE_STRICT_OBJC_MSGSEND = YES;
				ENABLE_TESTABILITY = YES;
				ENABLE_USER_SCRIPT_SANDBOXING = NO;
				GCC_C_LANGUAGE_STANDARD = gnu17;
				GCC_DYNAMIC_NO_PIC = NO;
				GCC_NO_COMMON_BLOCKS = YES;
				GCC_OPTIMIZATION_LEVEL = 0;
				GCC_PREPROCESSOR_DEFINITIONS = (
					"DEBUG=1",
					"$(inherited)",
				);
				GCC_WARN_64_TO_32_BIT_CONVERSION = YES;
				GCC_WARN_ABOUT_RETURN_TYPE = YES_ERROR;
				GCC_WARN_UNDECLARED_SELECTOR = YES;
				GCC_WARN_UNINITIALIZED_AUTOS = YES_AGGRESSIVE;
				GCC_WARN_UNUSED_FUNCTION = YES;
				GCC_WARN_UNUSED_VARIABLE = YES;
				IPHONEOS_DEPLOYMENT_TARGET = 17.5;
				LOCALIZATION_PREFERS_STRING_CATALOGS = YES;
				MTL_ENABLE_DEBUG_INFO = INCLUDE_SOURCE;
				MTL_FAST_MATH = YES;
				ONLY_ACTIVE_ARCH = YES;
				SDKROOT = iphoneos;
				SWIFT_ACTIVE_COMPILATION_CONDITIONS = "DEBUG $(inherited)";
				SWIFT_OPTIMIZATION_LEVEL = "-Onone";
			};
			name = Debug;
		};
		4ACB0AAF2DDA80D3001E4EE3 /* Release */ = {
			isa = XCBuildConfiguration;
			buildSettings = {
				ALWAYS_SEARCH_USER_PATHS = NO;
				ASSETCATALOG_COMPILER_GENERATE_SWIFT_ASSET_SYMBOL_EXTENSIONS = YES;
				CLANG_ANALYZER_NONNULL = YES;
				CLANG_ANALYZER_NUMBER_OBJECT_CONVERSION = YES_AGGRESSIVE;
				CLANG_CXX_LANGUAGE_STANDARD = "gnu++20";
				CLANG_ENABLE_MODULES = YES;
				CLANG_ENABLE_OBJC_ARC = YES;
				CLANG_ENABLE_OBJC_WEAK = YES;
				CLANG_WARN_BLOCK_CAPTURE_AUTORELEASING = YES;
				CLANG_WARN_BOOL_CONVERSION = YES;
				CLANG_WARN_COMMA = YES;
				CLANG_WARN_CONSTANT_CONVERSION = YES;
				CLANG_WARN_DEPRECATED_OBJC_IMPLEMENTATIONS = YES;
				CLANG_WARN_DIRECT_OBJC_ISA_USAGE = YES_ERROR;
				CLANG_WARN_DOCUMENTATION_COMMENTS = YES;
				CLANG_WARN_EMPTY_BODY = YES;
				CLANG_WARN_ENUM_CONVERSION = YES;
				CLANG_WARN_INFINITE_RECURSION = YES;
				CLANG_WARN_INT_CONVERSION = YES;
				CLANG_WARN_NON_LITERAL_NULL_CONVERSION = YES;
				CLANG_WARN_OBJC_IMPLICIT_RETAIN_SELF = YES;
				CLANG_WARN_OBJC_LITERAL_CONVERSION = YES;
				CLANG_WARN_OBJC_ROOT_CLASS = YES_ERROR;
				CLANG_WARN_QUOTED_INCLUDE_IN_FRAMEWORK_HEADER = YES;
				CLANG_WARN_RANGE_LOOP_ANALYSIS = YES;
				CLANG_WARN_STRICT_PROTOTYPES = YES;
				CLANG_WARN_SUSPICIOUS_MOVE = YES;
				CLANG_WARN_UNGUARDED_AVAILABILITY = YES_AGGRESSIVE;
				CLANG_WARN_UNREACHABLE_CODE = YES;
				CLANG_WARN__DUPLICATE_METHOD_MATCH = YES;
				COPY_PHASE_STRIP = NO;
				DEBUG_INFORMATION_FORMAT = "dwarf-with-dsym";
				ENABLE_NS_ASSERTIONS = NO;
				ENABLE_STRICT_OBJC_MSGSEND = YES;
				ENABLE_USER_SCRIPT_SANDBOXING = NO;
				GCC_C_LANGUAGE_STANDARD = gnu17;
				GCC_NO_COMMON_BLOCKS = YES;
				GCC_WARN_64_TO_32_BIT_CONVERSION = YES;
				GCC_WARN_ABOUT_RETURN_TYPE = YES_ERROR;
				GCC_WARN_UNDECLARED_SELECTOR = YES;
				GCC_WARN_UNINITIALIZED_AUTOS = YES_AGGRESSIVE;
				GCC_WARN_UNUSED_FUNCTION = YES;
				GCC_WARN_UNUSED_VARIABLE = YES;
				IPHONEOS_DEPLOYMENT_TARGET = 17.5;
				LOCALIZATION_PREFERS_STRING_CATALOGS = YES;
				MTL_ENABLE_DEBUG_INFO = NO;
				MTL_FAST_MATH = YES;
				SDKROOT = iphoneos;
				SWIFT_COMPILATION_MODE = wholemodule;
				VALIDATE_PRODUCT = YES;
			};
			name = Release;
		};
		4ACB0AB12DDA80D3001E4EE3 /* Debug */ = {
			isa = XCBuildConfiguration;
			buildSettings = {
				ASSETCATALOG_COMPILER_APPICON_NAME = AppIcon;
				ASSETCATALOG_COMPILER_GLOBAL_ACCENT_COLOR_NAME = AccentColor;
				CODE_SIGN_STYLE = Automatic;
				CURRENT_PROJECT_VERSION = 1;
				DEVELOPMENT_TEAM = JFAXTV4L6Y;
				GENERATE_INFOPLIST_FILE = YES;
				INFOPLIST_FILE = "BB4IT-Movies/Utilities/Info.plist";
				INFOPLIST_KEY_UIApplicationSupportsIndirectInputEvents = YES;
				INFOPLIST_KEY_UILaunchStoryboardName = LaunchScreen;
				INFOPLIST_KEY_UIMainStoryboardFile = "";
				INFOPLIST_KEY_UISupportedInterfaceOrientations = UIInterfaceOrientationPortrait;
				INFOPLIST_KEY_UISupportedInterfaceOrientations_iPad = "UIInterfaceOrientationLandscapeLeft UIInterfaceOrientationLandscapeRight UIInterfaceOrientationPortrait UIInterfaceOrientationPortraitUpsideDown";
				IPHONEOS_DEPLOYMENT_TARGET = 15.0;
				LD_RUNPATH_SEARCH_PATHS = (
					"$(inherited)",
					"@executable_path/Frameworks",
				);
				MARKETING_VERSION = 1.0;
				PRODUCT_BUNDLE_IDENTIFIER = "com.BB4IT-Movies";
				PRODUCT_NAME = "$(TARGET_NAME)";
				SUPPORTED_PLATFORMS = "iphoneos iphonesimulator";
				SUPPORTS_MACCATALYST = NO;
				SUPPORTS_MAC_DESIGNED_FOR_IPHONE_IPAD = NO;
				SUPPORTS_XR_DESIGNED_FOR_IPHONE_IPAD = NO;
				SWIFT_EMIT_LOC_STRINGS = YES;
				SWIFT_VERSION = 5.0;
				TARGETED_DEVICE_FAMILY = 1;
			};
			name = Debug;
		};
		4ACB0AB22DDA80D3001E4EE3 /* Release */ = {
			isa = XCBuildConfiguration;
			buildSettings = {
				ASSETCATALOG_COMPILER_APPICON_NAME = AppIcon;
				ASSETCATALOG_COMPILER_GLOBAL_ACCENT_COLOR_NAME = AccentColor;
				CODE_SIGN_STYLE = Automatic;
				CURRENT_PROJECT_VERSION = 1;
				DEVELOPMENT_TEAM = JFAXTV4L6Y;
				GENERATE_INFOPLIST_FILE = YES;
				INFOPLIST_FILE = "BB4IT-Movies/Utilities/Info.plist";
				INFOPLIST_KEY_UIApplicationSupportsIndirectInputEvents = YES;
				INFOPLIST_KEY_UILaunchStoryboardName = LaunchScreen;
				INFOPLIST_KEY_UIMainStoryboardFile = "";
				INFOPLIST_KEY_UISupportedInterfaceOrientations = UIInterfaceOrientationPortrait;
				INFOPLIST_KEY_UISupportedInterfaceOrientations_iPad = "UIInterfaceOrientationLandscapeLeft UIInterfaceOrientationLandscapeRight UIInterfaceOrientationPortrait UIInterfaceOrientationPortraitUpsideDown";
				IPHONEOS_DEPLOYMENT_TARGET = 15.0;
				LD_RUNPATH_SEARCH_PATHS = (
					"$(inherited)",
					"@executable_path/Frameworks",
				);
				MARKETING_VERSION = 1.0;
				PRODUCT_BUNDLE_IDENTIFIER = "com.BB4IT-Movies";
				PRODUCT_NAME = "$(TARGET_NAME)";
				SUPPORTED_PLATFORMS = "iphoneos iphonesimulator";
				SUPPORTS_MACCATALYST = NO;
				SUPPORTS_MAC_DESIGNED_FOR_IPHONE_IPAD = NO;
				SUPPORTS_XR_DESIGNED_FOR_IPHONE_IPAD = NO;
				SWIFT_EMIT_LOC_STRINGS = YES;
				SWIFT_VERSION = 5.0;
				TARGETED_DEVICE_FAMILY = 1;
			};
			name = Release;
		};
/* End XCBuildConfiguration section */

/* Begin XCConfigurationList section */
		4ACB0A972DDA80D2001E4EE3 /* Build configuration list for PBXProject "BB4IT-Movies" */ = {
			isa = XCConfigurationList;
			buildConfigurations = (
				4ACB0AAE2DDA80D3001E4EE3 /* Debug */,
				4ACB0AAF2DDA80D3001E4EE3 /* Release */,
			);
			defaultConfigurationIsVisible = 0;
			defaultConfigurationName = Release;
		};
		4ACB0AB02DDA80D3001E4EE3 /* Build configuration list for PBXNativeTarget "BB4IT-Movies" */ = {
			isa = XCConfigurationList;
			buildConfigurations = (
				4ACB0AB12DDA80D3001E4EE3 /* Debug */,
				4ACB0AB22DDA80D3001E4EE3 /* Release */,
			);
			defaultConfigurationIsVisible = 0;
			defaultConfigurationName = Release;
		};
/* End XCConfigurationList section */

/* Begin XCRemoteSwiftPackageReference section */
		4A202F022DDA82C100C2249C /* XCRemoteSwiftPackageReference "Alamofire" */ = {
			isa = XCRemoteSwiftPackageReference;
			repositoryURL = "https://github.com/Alamofire/Alamofire.git";
			requirement = {
				kind = upToNextMajorVersion;
				minimumVersion = 5.10.2;
			};
		};
		4A202F0C2DDA82D600C2249C /* XCRemoteSwiftPackageReference "AlamofireEasyLogger" */ = {
			isa = XCRemoteSwiftPackageReference;
			repositoryURL = "https://github.com/jankaltoun/AlamofireEasyLogger";
			requirement = {
				kind = upToNextMajorVersion;
				minimumVersion = 1.6.0;
			};
		};
		4A202F0F2DDA833100C2249C /* XCRemoteSwiftPackageReference "SDWebImage" */ = {
			isa = XCRemoteSwiftPackageReference;
			repositoryURL = "https://github.com/SDWebImage/SDWebImage.git";
			requirement = {
				kind = upToNextMajorVersion;
				minimumVersion = 5.21.0;
			};
		};
/* End XCRemoteSwiftPackageReference section */

/* Begin XCSwiftPackageProductDependency section */
		4A202F032DDA82C100C2249C /* Alamofire */ = {
			isa = XCSwiftPackageProductDependency;
			package = 4A202F022DDA82C100C2249C /* XCRemoteSwiftPackageReference "Alamofire" */;
			productName = Alamofire;
		};
		4A202F0D2DDA82D600C2249C /* AlamofireEasyLogger */ = {
			isa = XCSwiftPackageProductDependency;
			package = 4A202F0C2DDA82D600C2249C /* XCRemoteSwiftPackageReference "AlamofireEasyLogger" */;
			productName = AlamofireEasyLogger;
		};
		4A202F102DDA833100C2249C /* SDWebImage */ = {
			isa = XCSwiftPackageProductDependency;
			package = 4A202F0F2DDA833100C2249C /* XCRemoteSwiftPackageReference "SDWebImage" */;
			productName = SDWebImage;
		};
		4A202F122DDA833100C2249C /* SDWebImageMapKit */ = {
			isa = XCSwiftPackageProductDependency;
			package = 4A202F0F2DDA833100C2249C /* XCRemoteSwiftPackageReference "SDWebImage" */;
			productName = SDWebImageMapKit;
		};
/* End XCSwiftPackageProductDependency section */
	};
	rootObject = 4ACB0A942DDA80D2001E4EE3 /* Project object */;
}
